
Microsoft Visual Studio Solution File, Format Version 12.00
# Visual Studio 15
VisualStudioVersion = 15.0.27428.2037
MinimumVisualStudioVersion = 10.0.40219.1
Project("{F184B08F-C81C-45F6-A57F-5ABD9991F28F}") = "wav loading", "wav loading\wav loading.vbproj", "{A59DFFDB-73BF-497E-BA4E-89CFBD53935A}"
EndProject
Global
	GlobalSection(SolutionConfigurationPlatforms) = preSolution
		Debug|Any CPU = Debug|Any CPU
		Release|Any CPU = Release|Any CPU
	EndGlobalSection
	GlobalSection(ProjectConfigurationPlatforms) = postSolution
		{A59DFFDB-73BF-497E-BA4E-89CFBD53935A}.Debug|Any CPU.ActiveCfg = Debug|Any CPU
		{A59DFFDB-73BF-497E-BA4E-89CFBD53935A}.Debug|Any CPU.Build.0 = Debug|Any CPU
		{A59DFFDB-73BF-497E-BA4E-89CFBD53935A}.Release|Any CPU.ActiveCfg = Release|Any CPU
		{A59DFFDB-73BF-497E-BA4E-89CFBD53935A}.Release|Any CPU.Build.0 = Release|Any CPU
	EndGlobalSection
	GlobalSection(SolutionProperties) = preSolution
		HideSolutionNode = FALSE
	EndGlobalSection
	GlobalSection(ExtensibilityGlobals) = postSolution
		SolutionGuid = {3FD9D829-589C-4537-B685-9EC5A4CF9658}
	EndGlobalSection
EndGlobal
