
Microsoft Visual Studio Solution File, Format Version 12.00
# Visual Studio 15
VisualStudioVersion = 15.0.27703.2026
MinimumVisualStudioVersion = 10.0.40219.1
Project("{F184B08F-C81C-45F6-A57F-5ABD9991F28F}") = "wav login Desktop App23", "wav login Desktop App23.vbproj", "{238357FD-F260-4458-858D-2A9587BD69D2}"
EndProject
Project("{54435603-DBB4-11D2-8724-00A0C9A8B90C}") = "willairwayvirtual exe", "..\wav Desktop  install\willairwayvirtual exe\willairwayvirtual exe.vdproj", "{C3EDB65B-8BF7-4FDD-835D-E8082601602F}"
EndProject
Global
	GlobalSection(SolutionConfigurationPlatforms) = preSolution
		Debug|Any CPU = Debug|Any CPU
		Release|Any CPU = Release|Any CPU
	EndGlobalSection
	GlobalSection(ProjectConfigurationPlatforms) = postSolution
		{238357FD-F260-4458-858D-2A9587BD69D2}.Debug|Any CPU.ActiveCfg = Debug|Any CPU
		{238357FD-F260-4458-858D-2A9587BD69D2}.Debug|Any CPU.Build.0 = Debug|Any CPU
		{238357FD-F260-4458-858D-2A9587BD69D2}.Release|Any CPU.ActiveCfg = Release|Any CPU
		{238357FD-F260-4458-858D-2A9587BD69D2}.Release|Any CPU.Build.0 = Release|Any CPU
		{C3EDB65B-8BF7-4FDD-835D-E8082601602F}.Debug|Any CPU.ActiveCfg = Debug
		{C3EDB65B-8BF7-4FDD-835D-E8082601602F}.Release|Any CPU.ActiveCfg = Release
	EndGlobalSection
	GlobalSection(SolutionProperties) = preSolution
		HideSolutionNode = FALSE
	EndGlobalSection
	GlobalSection(ExtensibilityGlobals) = postSolution
		SolutionGuid = {C2B73BFB-6B26-4145-9872-4B6D797FE588}
	EndGlobalSection
EndGlobal
